// !$*UTF8*$!
{
	archiveVersion = 1;
	classes = {
	};
	objectVersion = 77;
	objects = {

/* Begin PBXContainerItemProxy section */
		25E31C0A2CE1361400A9AC05 /* PBXContainerItemProxy */ = {
			isa = PBXContainerItemProxy;
			containerPortal = 25E31BEB2CE1361100A9AC05 /* Project object */;
			proxyType = 1;
			remoteGlobalIDString = 25E31BF22CE1361100A9AC05;
			remoteInfo = Expired;
		};
		25E31C142CE1361400A9AC05 /* PBXContainerItemProxy */ = {
			isa = PBXContainerItemProxy;
			containerPortal = 25E31BEB2CE1361100A9AC05 /* Project object */;
			proxyType = 1;
			remoteGlobalIDString = 25E31BF22CE1361100A9AC05;
			remoteInfo = Expired;
		};
/* End PBXContainerItemProxy section */

/* Begin PBXFileReference section */
		25E31BF32CE1361100A9AC05 /* Expired.app */ = {isa = PBXFileReference; explicitFileType = wrapper.application; includeInIndex = 0; path = Expired.app; sourceTree = BUILT_PRODUCTS_DIR; };
		25E31C092CE1361400A9AC05 /* ExpiredTests.xctest */ = {isa = PBXFileReference; explicitFileType = wrapper.cfbundle; includeInIndex = 0; path = ExpiredTests.xctest; sourceTree = BUILT_PRODUCTS_DIR; };
		25E31C132CE1361400A9AC05 /* ExpiredUITests.xctest */ = {isa = PBXFileReference; explicitFileType = wrapper.cfbundle; includeInIndex = 0; path = ExpiredUITests.xctest; sourceTree = BUILT_PRODUCTS_DIR; };
/* End PBXFileReference section */

/* Begin PBXFileSystemSynchronizedBuildFileExceptionSet section */
		25E31C1B2CE1361400A9AC05 /* Exceptions for "Expired" folder in "Expired" target */ = {
			isa = PBXFileSystemSynchronizedBuildFileExceptionSet;
			membershipExceptions = (
				Info.plist,
			);
			target = 25E31BF22CE1361100A9AC05 /* Expired */;
		};
/* End PBXFileSystemSynchronizedBuildFileExceptionSet section */

/* Begin PBXFileSystemSynchronizedRootGroup section */
		25E31BF52CE1361100A9AC05 /* Expired */ = {
			isa = PBXFileSystemSynchronizedRootGroup;
			exceptions = (
				25E31C1B2CE1361400A9AC05 /* Exceptions for "Expired" folder in "Expired" target */,
			);
			path = Expired;
			sourceTree = "<group>";
		};
		25E31C0C2CE1361400A9AC05 /* ExpiredTests */ = {
			isa = PBXFileSystemSynchronizedRootGroup;
			path = ExpiredTests;
			sourceTree = "<group>";
		};
		25E31C162CE1361400A9AC05 /* ExpiredUITests */ = {
			isa = PBXFileSystemSynchronizedRootGroup;
			path = ExpiredUITests;
			sourceTree = "<group>";
		};
/* End PBXFileSystemSynchronizedRootGroup section */

/* Begin PBXFrameworksBuildPhase section */
		25E31BF02CE1361100A9AC05 /* Frameworks */ = {
			isa = PBXFrameworksBuildPhase;
			buildActionMask = 2147483647;
			files = (
			);
			runOnlyForDeploymentPostprocessing = 0;
		};
		25E31C062CE1361400A9AC05 /* Frameworks */ = {
			isa = PBXFrameworksBuildPhase;
			buildActionMask = 2147483647;
			files = (
			);
			runOnlyForDeploymentPostprocessing = 0;
		};
		25E31C102CE1361400A9AC05 /* Frameworks */ = {
			isa = PBXFrameworksBuildPhase;
			buildActionMask = 2147483647;
			files = (
			);
			runOnlyForDeploymentPostprocessing = 0;
		};
/* End PBXFrameworksBuildPhase section */

/* Begin PBXGroup section */
		25E31BEA2CE1361100A9AC05 = {
			isa = PBXGroup;
			children = (
				25E31BF52CE1361100A9AC05 /* Expired */,
				25E31C0C2CE1361400A9AC05 /* ExpiredTests */,
				25E31C162CE1361400A9AC05 /* ExpiredUITests */,
				25E31BF42CE1361100A9AC05 /* Products */,
			);
			sourceTree = "<group>";
		};
		25E31BF42CE1361100A9AC05 /* Products */ = {
			isa = PBXGroup;
			children = (
				25E31BF32CE1361100A9AC05 /* Expired.app */,
				25E31C092CE1361400A9AC05 /* ExpiredTests.xctest */,
				25E31C132CE1361400A9AC05 /* ExpiredUITests.xctest */,
			);
			name = Products;
			sourceTree = "<group>";
		};
/* End PBXGroup section */

/* Begin PBXNativeTarget section */
		25E31BF22CE1361100A9AC05 /* Expired */ = {
			isa = PBXNativeTarget;
			buildConfigurationList = 25E31C1C2CE1361400A9AC05 /* Build configuration list for PBXNativeTarget "Expired" */;
			buildPhases = (
				25E31BEF2CE1361100A9AC05 /* Sources */,
				25E31BF02CE1361100A9AC05 /* Frameworks */,
				25E31BF12CE1361100A9AC05 /* Resources */,
			);
			buildRules = (
			);
			dependencies = (
			);
			fileSystemSynchronizedGroups = (
				25E31BF52CE1361100A9AC05 /* Expired */,
			);
			name = Expired;
			packageProductDependencies = (
			);
			productName = Expired;
			productReference = 25E31BF32CE1361100A9AC05 /* Expired.app */;
			productType = "com.apple.product-type.application";
		};
		25E31C082CE1361400A9AC05 /* ExpiredTests */ = {
			isa = PBXNativeTarget;
			buildConfigurationList = 25E31C212CE1361400A9AC05 /* Build configuration list for PBXNativeTarget "ExpiredTests" */;
			buildPhases = (
				25E31C052CE1361400A9AC05 /* Sources */,
				25E31C062CE1361400A9AC05 /* Frameworks */,
				25E31C072CE1361400A9AC05 /* Resources */,
			);
			buildRules = (
			);
			dependencies = (
				25E31C0B2CE1361400A9AC05 /* PBXTargetDependency */,
			);
			fileSystemSynchronizedGroups = (
				25E31C0C2CE1361400A9AC05 /* ExpiredTests */,
			);
			name = ExpiredTests;
			packageProductDependencies = (
			);
			productName = ExpiredTests;
			productReference = 25E31C092CE1361400A9AC05 /* ExpiredTests.xctest */;
			productType = "com.apple.product-type.bundle.unit-test";
		};
		25E31C122CE1361400A9AC05 /* ExpiredUITests */ = {
			isa = PBXNativeTarget;
			buildConfigurationList = 25E31C242CE1361400A9AC05 /* Build configuration list for PBXNativeTarget "ExpiredUITests" */;
			buildPhases = (
				25E31C0F2CE1361400A9AC05 /* Sources */,
				25E31C102CE1361400A9AC05 /* Frameworks */,
				25E31C112CE1361400A9AC05 /* Resources */,
			);
			buildRules = (
			);
			dependencies = (
				25E31C152CE1361400A9AC05 /* PBXTargetDependency */,
			);
			fileSystemSynchronizedGroups = (
				25E31C162CE1361400A9AC05 /* ExpiredUITests */,
			);
			name = ExpiredUITests;
			packageProductDependencies = (
			);
			productName = ExpiredUITests;
			productReference = 25E31C132CE1361400A9AC05 /* ExpiredUITests.xctest */;
			productType = "com.apple.product-type.bundle.ui-testing";
		};
/* End PBXNativeTarget section */

/* Begin PBXProject section */
		25E31BEB2CE1361100A9AC05 /* Project object */ = {
			isa = PBXProject;
			attributes = {
				BuildIndependentTargetsInParallel = 1;
				LastSwiftUpdateCheck = 1610;
				LastUpgradeCheck = 1610;
				TargetAttributes = {
					25E31BF22CE1361100A9AC05 = {
						CreatedOnToolsVersion = 16.1;
					};
					25E31C082CE1361400A9AC05 = {
						CreatedOnToolsVersion = 16.1;
						TestTargetID = 25E31BF22CE1361100A9AC05;
					};
					25E31C122CE1361400A9AC05 = {
						CreatedOnToolsVersion = 16.1;
						TestTargetID = 25E31BF22CE1361100A9AC05;
					};
				};
			};
			buildConfigurationList = 25E31BEE2CE1361100A9AC05 /* Build configuration list for PBXProject "Expired" */;
			developmentRegion = en;
			hasScannedForEncodings = 0;
			knownRegions = (
				en,
				Base,
			);
			mainGroup = 25E31BEA2CE1361100A9AC05;
			minimizedProjectReferenceProxies = 1;
			preferredProjectObjectVersion = 77;
			productRefGroup = 25E31BF42CE1361100A9AC05 /* Products */;
			projectDirPath = "";
			projectRoot = "";
			targets = (
				25E31BF22CE1361100A9AC05 /* Expired */,
				25E31C082CE1361400A9AC05 /* ExpiredTests */,
				25E31C122CE1361400A9AC05 /* ExpiredUITests */,
			);
		};
/* End PBXProject section */

/* Begin PBXResourcesBuildPhase section */
		25E31BF12CE1361100A9AC05 /* Resources */ = {
			isa = PBXResourcesBuildPhase;
			buildActionMask = 2147483647;
			files = (
			);
			runOnlyForDeploymentPostprocessing = 0;
		};
		25E31C072CE1361400A9AC05 /* Resources */ = {
			isa = PBXResourcesBuildPhase;
			buildActionMask = 2147483647;
			files = (
			);
			runOnlyForDeploymentPostprocessing = 0;
		};
		25E31C112CE1361400A9AC05 /* Resources */ = {
			isa = PBXResourcesBuildPhase;
			buildActionMask = 2147483647;
			files = (
			);
			runOnlyForDeploymentPostprocessing = 0;
		};
/* End PBXResourcesBuildPhase section */

/* Begin PBXSourcesBuildPhase section */
		25E31BEF2CE1361100A9AC05 /* Sources */ = {
			isa = PBXSourcesBuildPhase;
			buildActionMask = 2147483647;
			files = (
			);
			runOnlyForDeploymentPostprocessing = 0;
		};
		25E31C052CE1361400A9AC05 /* Sources */ = {
			isa = PBXSourcesBuildPhase;
			buildActionMask = 2147483647;
			files = (
			);
			runOnlyForDeploymentPostprocessing = 0;
		};
		25E31C0F2CE1361400A9AC05 /* Sources */ = {
			isa = PBXSourcesBuildPhase;
			buildActionMask = 2147483647;
			files = (
			);
			runOnlyForDeploymentPostprocessing = 0;
		};
/* End PBXSourcesBuildPhase section */

/* Begin PBXTargetDependency section */
		25E31C0B2CE1361400A9AC05 /* PBXTargetDependency */ = {
			isa = PBXTargetDependency;
			target = 25E31BF22CE1361100A9AC05 /* Expired */;
			targetProxy = 25E31C0A2CE1361400A9AC05 /* PBXContainerItemProxy */;
		};
		25E31C152CE1361400A9AC05 /* PBXTargetDependency */ = {
			isa = PBXTargetDependency;
			target = 25E31BF22CE1361100A9AC05 /* Expired */;
			targetProxy = 25E31C142CE1361400A9AC05 /* PBXContainerItemProxy */;
		};
/* End PBXTargetDependency section */

/* Begin XCBuildConfiguration section */
		25E31C1D2CE1361400A9AC05 /* Debug */ = {
			isa = XCBuildConfiguration;
			buildSettings = {
				ASSETCATALOG_COMPILER_APPICON_NAME = AppIcon;
				ASSETCATALOG_COMPILER_GLOBAL_ACCENT_COLOR_NAME = AccentColor;
				CODE_SIGN_STYLE = Automatic;
				CURRENT_PROJECT_VERSION = 1;
				DEVELOPMENT_TEAM = BFV8PWLKW7;
				GENERATE_INFOPLIST_FILE = YES;
				INFOPLIST_FILE = Expired/Info.plist;
				INFOPLIST_KEY_NSCameraUsageDescription = "We need access to your camera to take photos.";
				INFOPLIST_KEY_UIApplicationSupportsIndirectInputEvents = YES;
				INFOPLIST_KEY_UILaunchStoryboardName = LaunchScreen;
				INFOPLIST_KEY_UIMainStoryboardFile = Main;
				INFOPLIST_KEY_UISupportedInterfaceOrientations_iPad = "UIInterfaceOrientationPortrait UIInterfaceOrientationPortraitUpsideDown UIInterfaceOrientationLandscapeLeft UIInterfaceOrientationLandscapeRight";
				INFOPLIST_KEY_UISupportedInterfaceOrientations_iPhone = "UIInterfaceOrientationPortrait UIInterfaceOrientationLandscapeLeft UIInterfaceOrientationLandscapeRight";
				IPHONEOS_DEPLOYMENT_TARGET = 16.6;
				LD_RUNPATH_SEARCH_PATHS = (
					"$(inherited)",
					"@executable_path/Frameworks",
				);
				MARKETING_VERSION = 1.0;
				PRODUCT_BUNDLE_IDENTIFIER = cmu.Expired;
				PRODUCT_NAME = "$(TARGET_NAME)";
				SWIFT_EMIT_LOC_STRINGS = YES;
				SWIFT_VERSION = 5.0;
				TARGETED_DEVICE_FAMILY = "1,2";
			};
			name = Debug;
		};
		25E31C1E2CE1361400A9AC05 /* Release */ = {
			isa = XCBuildConfiguration;
			buildSettings = {
				ASSETCATALOG_COMPILER_APPICON_NAME = AppIcon;
				ASSETCATALOG_COMPILER_GLOBAL_ACCENT_COLOR_NAME = AccentColor;
				CODE_SIGN_STYLE = Automatic;
				CURRENT_PROJECT_VERSION = 1;
				DEVELOPMENT_TEAM = BFV8PWLKW7;
				GENERATE_INFOPLIST_FILE = YES;
				INFOPLIST_FILE = Expired/Info.plist;
				INFOPLIST_KEY_NSCameraUsageDescription = "We need access to your camera to take photos.";
				INFOPLIST_KEY_UIApplicationSupportsIndirectInputEvents = YES;
				INFOPLIST_KEY_UILaunchStoryboardName = LaunchScreen;
				INFOPLIST_KEY_UIMainStoryboardFile = Main;
				INFOPLIST_KEY_UISupportedInterfaceOrientations_iPad = "UIInterfaceOrientationPortrait UIInterfaceOrientationPortraitUpsideDown UIInterfaceOrientationLandscapeLeft UIInterfaceOrientationLandscapeRight";
				INFOPLIST_KEY_UISupportedInterfaceOrientations_iPhone = "UIInterfaceOrientationPortrait UIInterfaceOrientationLandscapeLeft UIInterfaceOrientationLandscapeRight";
				IPHONEOS_DEPLOYMENT_TARGET = 16.6;
				LD_RUNPATH_SEARCH_PATHS = (
					"$(inherited)",
					"@executable_path/Frameworks",
				);
				MARKETING_VERSION = 1.0;
				PRODUCT_BUNDLE_IDENTIFIER = cmu.Expired;
				PRODUCT_NAME = "$(TARGET_NAME)";
				SWIFT_EMIT_LOC_STRINGS = YES;
				SWIFT_VERSION = 5.0;
				TARGETED_DEVICE_FAMILY = "1,2";
			};
			name = Release;
		};
		25E31C1F2CE1361400A9AC05 /* Debug */ = {
			isa = XCBuildConfiguration;
			buildSettings = {
				ALWAYS_SEARCH_USER_PATHS = NO;
				ASSETCATALOG_COMPILER_GENERATE_SWIFT_ASSET_SYMBOL_EXTENSIONS = YES;
				CLANG_ANALYZER_NONNULL = YES;
				CLANG_ANALYZER_NUMBER_OBJECT_CONVERSION = YES_AGGRESSIVE;
				CLANG_CXX_LANGUAGE_STANDARD = "gnu++20";
				CLANG_ENABLE_MODULES = YES;
				CLANG_ENABLE_OBJC_ARC = YES;
				CLANG_ENABLE_OBJC_WEAK = YES;
				CLANG_WARN_BLOCK_CAPTURE_AUTORELEASING = YES;
				CLANG_WARN_BOOL_CONVERSION = YES;
				CLANG_WARN_COMMA = YES;
				CLANG_WARN_CONSTANT_CONVERSION = YES;
				CLANG_WARN_DEPRECATED_OBJC_IMPLEMENTATIONS = YES;
				CLANG_WARN_DIRECT_OBJC_ISA_USAGE = YES_ERROR;
				CLANG_WARN_DOCUMENTATION_COMMENTS = YES;
				CLANG_WARN_EMPTY_BODY = YES;
				CLANG_WARN_ENUM_CONVERSION = YES;
				CLANG_WARN_INFINITE_RECURSION = YES;
				CLANG_WARN_INT_CONVERSION = YES;
				CLANG_WARN_NON_LITERAL_NULL_CONVERSION = YES;
				CLANG_WARN_OBJC_IMPLICIT_RETAIN_SELF = YES;
				CLANG_WARN_OBJC_LITERAL_CONVERSION = YES;
				CLANG_WARN_OBJC_ROOT_CLASS = YES_ERROR;
				CLANG_WARN_QUOTED_INCLUDE_IN_FRAMEWORK_HEADER = YES;
				CLANG_WARN_RANGE_LOOP_ANALYSIS = YES;
				CLANG_WARN_STRICT_PROTOTYPES = YES;
				CLANG_WARN_SUSPICIOUS_MOVE = YES;
				CLANG_WARN_UNGUARDED_AVAILABILITY = YES_AGGRESSIVE;
				CLANG_WARN_UNREACHABLE_CODE = YES;
				CLANG_WARN__DUPLICATE_METHOD_MATCH = YES;
				COPY_PHASE_STRIP = NO;
				DEBUG_INFORMATION_FORMAT = dwarf;
				ENABLE_STRICT_OBJC_MSGSEND = YES;
				ENABLE_TESTABILITY = YES;
				ENABLE_USER_SCRIPT_SANDBOXING = YES;
				GCC_C_LANGUAGE_STANDARD = gnu17;
				GCC_DYNAMIC_NO_PIC = NO;
				GCC_NO_COMMON_BLOCKS = YES;
				GCC_OPTIMIZATION_LEVEL = 0;
				GCC_PREPROCESSOR_DEFINITIONS = (
					"DEBUG=1",
					"$(inherited)",
				);
				GCC_WARN_64_TO_32_BIT_CONVERSION = YES;
				GCC_WARN_ABOUT_RETURN_TYPE = YES_ERROR;
				GCC_WARN_UNDECLARED_SELECTOR = YES;
				GCC_WARN_UNINITIALIZED_AUTOS = YES_AGGRESSIVE;
				GCC_WARN_UNUSED_FUNCTION = YES;
				GCC_WARN_UNUSED_VARIABLE = YES;
				IPHONEOS_DEPLOYMENT_TARGET = 18.1;
				LOCALIZATION_PREFERS_STRING_CATALOGS = YES;
				MTL_ENABLE_DEBUG_INFO = INCLUDE_SOURCE;
				MTL_FAST_MATH = YES;
				ONLY_ACTIVE_ARCH = YES;
				SDKROOT = iphoneos;
				SWIFT_ACTIVE_COMPILATION_CONDITIONS = "DEBUG $(inherited)";
				SWIFT_OPTIMIZATION_LEVEL = "-Onone";
			};
			name = Debug;
		};
		25E31C202CE1361400A9AC05 /* Release */ = {
			isa = XCBuildConfiguration;
			buildSettings = {
				ALWAYS_SEARCH_USER_PATHS = NO;
				ASSETCATALOG_COMPILER_GENERATE_SWIFT_ASSET_SYMBOL_EXTENSIONS = YES;
				CLANG_ANALYZER_NONNULL = YES;
				CLANG_ANALYZER_NUMBER_OBJECT_CONVERSION = YES_AGGRESSIVE;
				CLANG_CXX_LANGUAGE_STANDARD = "gnu++20";
				CLANG_ENABLE_MODULES = YES;
				CLANG_ENABLE_OBJC_ARC = YES;
				CLANG_ENABLE_OBJC_WEAK = YES;
				CLANG_WARN_BLOCK_CAPTURE_AUTORELEASING = YES;
				CLANG_WARN_BOOL_CONVERSION = YES;
				CLANG_WARN_COMMA = YES;
				CLANG_WARN_CONSTANT_CONVERSION = YES;
				CLANG_WARN_DEPRECATED_OBJC_IMPLEMENTATIONS = YES;
				CLANG_WARN_DIRECT_OBJC_ISA_USAGE = YES_ERROR;
				CLANG_WARN_DOCUMENTATION_COMMENTS = YES;
				CLANG_WARN_EMPTY_BODY = YES;
				CLANG_WARN_ENUM_CONVERSION = YES;
				CLANG_WARN_INFINITE_RECURSION = YES;
				CLANG_WARN_INT_CONVERSION = YES;
				CLANG_WARN_NON_LITERAL_NULL_CONVERSION = YES;
				CLANG_WARN_OBJC_IMPLICIT_RETAIN_SELF = YES;
				CLANG_WARN_OBJC_LITERAL_CONVERSION = YES;
				CLANG_WARN_OBJC_ROOT_CLASS = YES_ERROR;
				CLANG_WARN_QUOTED_INCLUDE_IN_FRAMEWORK_HEADER = YES;
				CLANG_WARN_RANGE_LOOP_ANALYSIS = YES;
				CLANG_WARN_STRICT_PROTOTYPES = YES;
				CLANG_WARN_SUSPICIOUS_MOVE = YES;
				CLANG_WARN_UNGUARDED_AVAILABILITY = YES_AGGRESSIVE;
				CLANG_WARN_UNREACHABLE_CODE = YES;
				CLANG_WARN__DUPLICATE_METHOD_MATCH = YES;
				COPY_PHASE_STRIP = NO;
				DEBUG_INFORMATION_FORMAT = "dwarf-with-dsym";
				ENABLE_NS_ASSERTIONS = NO;
				ENABLE_STRICT_OBJC_MSGSEND = YES;
				ENABLE_USER_SCRIPT_SANDBOXING = YES;
				GCC_C_LANGUAGE_STANDARD = gnu17;
				GCC_NO_COMMON_BLOCKS = YES;
				GCC_WARN_64_TO_32_BIT_CONVERSION = YES;
				GCC_WARN_ABOUT_RETURN_TYPE = YES_ERROR;
				GCC_WARN_UNDECLARED_SELECTOR = YES;
				GCC_WARN_UNINITIALIZED_AUTOS = YES_AGGRESSIVE;
				GCC_WARN_UNUSED_FUNCTION = YES;
				GCC_WARN_UNUSED_VARIABLE = YES;
				IPHONEOS_DEPLOYMENT_TARGET = 18.1;
				LOCALIZATION_PREFERS_STRING_CATALOGS = YES;
				MTL_ENABLE_DEBUG_INFO = NO;
				MTL_FAST_MATH = YES;
				SDKROOT = iphoneos;
				SWIFT_COMPILATION_MODE = wholemodule;
				VALIDATE_PRODUCT = YES;
			};
			name = Release;
		};
		25E31C222CE1361400A9AC05 /* Debug */ = {
			isa = XCBuildConfiguration;
			buildSettings = {
				BUNDLE_LOADER = "$(TEST_HOST)";
				CODE_SIGN_STYLE = Automatic;
				CURRENT_PROJECT_VERSION = 1;
				GENERATE_INFOPLIST_FILE = YES;
				IPHONEOS_DEPLOYMENT_TARGET = 18.1;
				MARKETING_VERSION = 1.0;
				PRODUCT_BUNDLE_IDENTIFIER = cmu.ExpiredTests;
				PRODUCT_NAME = "$(TARGET_NAME)";
				SWIFT_EMIT_LOC_STRINGS = NO;
				SWIFT_VERSION = 5.0;
				TARGETED_DEVICE_FAMILY = "1,2";
				TEST_HOST = "$(BUILT_PRODUCTS_DIR)/Expired.app/$(BUNDLE_EXECUTABLE_FOLDER_PATH)/Expired";
			};
			name = Debug;
		};
		25E31C232CE1361400A9AC05 /* Release */ = {
			isa = XCBuildConfiguration;
			buildSettings = {
				BUNDLE_LOADER = "$(TEST_HOST)";
				CODE_SIGN_STYLE = Automatic;
				CURRENT_PROJECT_VERSION = 1;
				GENERATE_INFOPLIST_FILE = YES;
				IPHONEOS_DEPLOYMENT_TARGET = 18.1;
				MARKETING_VERSION = 1.0;
				PRODUCT_BUNDLE_IDENTIFIER = cmu.ExpiredTests;
				PRODUCT_NAME = "$(TARGET_NAME)";
				SWIFT_EMIT_LOC_STRINGS = NO;
				SWIFT_VERSION = 5.0;
				TARGETED_DEVICE_FAMILY = "1,2";
				TEST_HOST = "$(BUILT_PRODUCTS_DIR)/Expired.app/$(BUNDLE_EXECUTABLE_FOLDER_PATH)/Expired";
			};
			name = Release;
		};
		25E31C252CE1361400A9AC05 /* Debug */ = {
			isa = XCBuildConfiguration;
			buildSettings = {
				CODE_SIGN_STYLE = Automatic;
				CURRENT_PROJECT_VERSION = 1;
				GENERATE_INFOPLIST_FILE = YES;
				MARKETING_VERSION = 1.0;
				PRODUCT_BUNDLE_IDENTIFIER = cmu.ExpiredUITests;
				PRODUCT_NAME = "$(TARGET_NAME)";
				SWIFT_EMIT_LOC_STRINGS = NO;
				SWIFT_VERSION = 5.0;
				TARGETED_DEVICE_FAMILY = "1,2";
				TEST_TARGET_NAME = Expired;
			};
			name = Debug;
		};
		25E31C262CE1361400A9AC05 /* Release */ = {
			isa = XCBuildConfiguration;
			buildSettings = {
				CODE_SIGN_STYLE = Automatic;
				CURRENT_PROJECT_VERSION = 1;
				GENERATE_INFOPLIST_FILE = YES;
				MARKETING_VERSION = 1.0;
				PRODUCT_BUNDLE_IDENTIFIER = cmu.ExpiredUITests;
				PRODUCT_NAME = "$(TARGET_NAME)";
				SWIFT_EMIT_LOC_STRINGS = NO;
				SWIFT_VERSION = 5.0;
				TARGETED_DEVICE_FAMILY = "1,2";
				TEST_TARGET_NAME = Expired;
			};
			name = Release;
		};
/* End XCBuildConfiguration section */

/* Begin XCConfigurationList section */
		25E31BEE2CE1361100A9AC05 /* Build configuration list for PBXProject "Expired" */ = {
			isa = XCConfigurationList;
			buildConfigurations = (
				25E31C1F2CE1361400A9AC05 /* Debug */,
				25E31C202CE1361400A9AC05 /* Release */,
			);
			defaultConfigurationIsVisible = 0;
			defaultConfigurationName = Release;
		};
		25E31C1C2CE1361400A9AC05 /* Build configuration list for PBXNativeTarget "Expired" */ = {
			isa = XCConfigurationList;
			buildConfigurations = (
				25E31C1D2CE1361400A9AC05 /* Debug */,
				25E31C1E2CE1361400A9AC05 /* Release */,
			);
			defaultConfigurationIsVisible = 0;
			defaultConfigurationName = Release;
		};
		25E31C212CE1361400A9AC05 /* Build configuration list for PBXNativeTarget "ExpiredTests" */ = {
			isa = XCConfigurationList;
			buildConfigurations = (
				25E31C222CE1361400A9AC05 /* Debug */,
				25E31C232CE1361400A9AC05 /* Release */,
			);
			defaultConfigurationIsVisible = 0;
			defaultConfigurationName = Release;
		};
		25E31C242CE1361400A9AC05 /* Build configuration list for PBXNativeTarget "ExpiredUITests" */ = {
			isa = XCConfigurationList;
			buildConfigurations = (
				25E31C252CE1361400A9AC05 /* Debug */,
				25E31C262CE1361400A9AC05 /* Release */,
			);
			defaultConfigurationIsVisible = 0;
			defaultConfigurationName = Release;
		};
/* End XCConfigurationList section */
	};
	rootObject = 25E31BEB2CE1361100A9AC05 /* Project object */;
}
